
Microsoft Visual Studio Solution File, Format Version 12.00
# Visual Studio 2013
VisualStudioVersion = 12.0.40629.0
MinimumVisualStudioVersion = 10.0.40219.1
Project("{8BC9CEB8-8B4A-11D0-8D11-00A0C91BC942}") = "Tarea2_Ej1", "Tarea2_Ej1\Tarea2_Ej1.vcxproj", "{E8F1D9D2-91F4-44CB-8A3E-234205DE3B1C}"
EndProject
Project("{8BC9CEB8-8B4A-11D0-8D11-00A0C91BC942}") = "Tarea2_Ej2", "Tarea2_Ej2\Tarea2_Ej2.vcxproj", "{8BAB917F-5464-4E59-95BE-A3BE22FD5C40}"
EndProject
Project("{8BC9CEB8-8B4A-11D0-8D11-00A0C91BC942}") = "Tarea2_Ej3", "Tarea2_Ej3\Tarea2_Ej3.vcxproj", "{014E1DE5-7B58-4E7B-8EF5-7DC9C769A2B4}"
EndProject
Project("{8BC9CEB8-8B4A-11D0-8D11-00A0C91BC942}") = "Tarea2_Ej4", "Tarea2_Ej4\Tarea2_Ej4.vcxproj", "{CB71D608-7233-4979-896A-27293F0C9048}"
EndProject
Project("{8BC9CEB8-8B4A-11D0-8D11-00A0C91BC942}") = "Tarea2_Ej5", "Tarea2_Ej5\Tarea2_Ej5.vcxproj", "{FDC566A9-805F-4FE3-8712-EFBEEE35FFF9}"
EndProject
Project("{8BC9CEB8-8B4A-11D0-8D11-00A0C91BC942}") = "Tarea2_Ej6", "Tarea2_Ej6\Tarea2_Ej6.vcxproj", "{3CFB72C3-3263-44F8-948A-370E860DE40D}"
EndProject
Project("{8BC9CEB8-8B4A-11D0-8D11-00A0C91BC942}") = "Tarea2_Ej7", "Tarea2_Ej7\Tarea2_Ej7.vcxproj", "{E4544DD5-2615-434D-BDA4-61E8B5962094}"
EndProject
Project("{8BC9CEB8-8B4A-11D0-8D11-00A0C91BC942}") = "Tarea2_Ej8", "Tarea2_Ej8\Tarea2_Ej8.vcxproj", "{94BABE17-1280-4F63-B7F5-5F5166E66A5C}"
EndProject
Project("{8BC9CEB8-8B4A-11D0-8D11-00A0C91BC942}") = "Prac1", "Prac1\Prac1.vcxproj", "{D99FBBFB-0504-48A0-8669-A8799F7956F6}"
EndProject
Project("{8BC9CEB8-8B4A-11D0-8D11-00A0C91BC942}") = "Prac1_TPS", "Prac1_TPS\Prac1_TPS.vcxproj", "{89E3FA76-278F-4DC4-8CA8-98C461331096}"
EndProject
Project("{8BC9CEB8-8B4A-11D0-8D11-00A0C91BC942}") = "Prac1_Orbital", "Prac1_Orbital\Prac1_Orbital.vcxproj", "{7221EA83-5D29-4ED1-98E3-F0D00DB46AA4}"
EndProject
Global
	GlobalSection(SolutionConfigurationPlatforms) = preSolution
		Debug|Win32 = Debug|Win32
		Release|Win32 = Release|Win32
	EndGlobalSection
	GlobalSection(ProjectConfigurationPlatforms) = postSolution
		{E8F1D9D2-91F4-44CB-8A3E-234205DE3B1C}.Debug|Win32.ActiveCfg = Debug|Win32
		{E8F1D9D2-91F4-44CB-8A3E-234205DE3B1C}.Debug|Win32.Build.0 = Debug|Win32
		{E8F1D9D2-91F4-44CB-8A3E-234205DE3B1C}.Release|Win32.ActiveCfg = Release|Win32
		{E8F1D9D2-91F4-44CB-8A3E-234205DE3B1C}.Release|Win32.Build.0 = Release|Win32
		{8BAB917F-5464-4E59-95BE-A3BE22FD5C40}.Debug|Win32.ActiveCfg = Debug|Win32
		{8BAB917F-5464-4E59-95BE-A3BE22FD5C40}.Debug|Win32.Build.0 = Debug|Win32
		{8BAB917F-5464-4E59-95BE-A3BE22FD5C40}.Release|Win32.ActiveCfg = Release|Win32
		{8BAB917F-5464-4E59-95BE-A3BE22FD5C40}.Release|Win32.Build.0 = Release|Win32
		{014E1DE5-7B58-4E7B-8EF5-7DC9C769A2B4}.Debug|Win32.ActiveCfg = Debug|Win32
		{014E1DE5-7B58-4E7B-8EF5-7DC9C769A2B4}.Debug|Win32.Build.0 = Debug|Win32
		{014E1DE5-7B58-4E7B-8EF5-7DC9C769A2B4}.Release|Win32.ActiveCfg = Release|Win32
		{014E1DE5-7B58-4E7B-8EF5-7DC9C769A2B4}.Release|Win32.Build.0 = Release|Win32
		{CB71D608-7233-4979-896A-27293F0C9048}.Debug|Win32.ActiveCfg = Debug|Win32
		{CB71D608-7233-4979-896A-27293F0C9048}.Debug|Win32.Build.0 = Debug|Win32
		{CB71D608-7233-4979-896A-27293F0C9048}.Release|Win32.ActiveCfg = Release|Win32
		{CB71D608-7233-4979-896A-27293F0C9048}.Release|Win32.Build.0 = Release|Win32
		{FDC566A9-805F-4FE3-8712-EFBEEE35FFF9}.Debug|Win32.ActiveCfg = Debug|Win32
		{FDC566A9-805F-4FE3-8712-EFBEEE35FFF9}.Debug|Win32.Build.0 = Debug|Win32
		{FDC566A9-805F-4FE3-8712-EFBEEE35FFF9}.Release|Win32.ActiveCfg = Release|Win32
		{FDC566A9-805F-4FE3-8712-EFBEEE35FFF9}.Release|Win32.Build.0 = Release|Win32
		{3CFB72C3-3263-44F8-948A-370E860DE40D}.Debug|Win32.ActiveCfg = Debug|Win32
		{3CFB72C3-3263-44F8-948A-370E860DE40D}.Debug|Win32.Build.0 = Debug|Win32
		{3CFB72C3-3263-44F8-948A-370E860DE40D}.Release|Win32.ActiveCfg = Release|Win32
		{3CFB72C3-3263-44F8-948A-370E860DE40D}.Release|Win32.Build.0 = Release|Win32
		{E4544DD5-2615-434D-BDA4-61E8B5962094}.Debug|Win32.ActiveCfg = Debug|Win32
		{E4544DD5-2615-434D-BDA4-61E8B5962094}.Debug|Win32.Build.0 = Debug|Win32
		{E4544DD5-2615-434D-BDA4-61E8B5962094}.Release|Win32.ActiveCfg = Release|Win32
		{E4544DD5-2615-434D-BDA4-61E8B5962094}.Release|Win32.Build.0 = Release|Win32
		{94BABE17-1280-4F63-B7F5-5F5166E66A5C}.Debug|Win32.ActiveCfg = Debug|Win32
		{94BABE17-1280-4F63-B7F5-5F5166E66A5C}.Debug|Win32.Build.0 = Debug|Win32
		{94BABE17-1280-4F63-B7F5-5F5166E66A5C}.Release|Win32.ActiveCfg = Release|Win32
		{94BABE17-1280-4F63-B7F5-5F5166E66A5C}.Release|Win32.Build.0 = Release|Win32
		{D99FBBFB-0504-48A0-8669-A8799F7956F6}.Debug|Win32.ActiveCfg = Debug|Win32
		{D99FBBFB-0504-48A0-8669-A8799F7956F6}.Debug|Win32.Build.0 = Debug|Win32
		{D99FBBFB-0504-48A0-8669-A8799F7956F6}.Release|Win32.ActiveCfg = Release|Win32
		{D99FBBFB-0504-48A0-8669-A8799F7956F6}.Release|Win32.Build.0 = Release|Win32
		{89E3FA76-278F-4DC4-8CA8-98C461331096}.Debug|Win32.ActiveCfg = Debug|Win32
		{89E3FA76-278F-4DC4-8CA8-98C461331096}.Debug|Win32.Build.0 = Debug|Win32
		{89E3FA76-278F-4DC4-8CA8-98C461331096}.Release|Win32.ActiveCfg = Release|Win32
		{89E3FA76-278F-4DC4-8CA8-98C461331096}.Release|Win32.Build.0 = Release|Win32
		{7221EA83-5D29-4ED1-98E3-F0D00DB46AA4}.Debug|Win32.ActiveCfg = Debug|Win32
		{7221EA83-5D29-4ED1-98E3-F0D00DB46AA4}.Debug|Win32.Build.0 = Debug|Win32
		{7221EA83-5D29-4ED1-98E3-F0D00DB46AA4}.Release|Win32.ActiveCfg = Release|Win32
		{7221EA83-5D29-4ED1-98E3-F0D00DB46AA4}.Release|Win32.Build.0 = Release|Win32
	EndGlobalSection
	GlobalSection(SolutionProperties) = preSolution
		HideSolutionNode = FALSE
	EndGlobalSection
EndGlobal
